lockfileVersion: '9.0'

settings:
  autoInstallPeers: true
  excludeLinksFromLockfile: false

importers:

  .:
    dependencies:
      bcryptjs:
        specifier: ^2.4.3
        version: 2.4.3
    devDependencies:
      '@prisma/client':
        specifier: 6.19.3
        version: 6.19.3(prisma@6.19.3(typescript@5.7.3))(typescript@5.7.3)
      '@prisma/engines':
        specifier: 6.19.3
        version: 6.19.3
      '@types/node':
        specifier: ^22.10.5
        version: 22.10.5
      prisma:
        specifier: 6.19.3
        version: 6.19.3(typescript@5.7.3)
      tsx:
        specifier: ^4.19.2
        version: 4.19.2
      typescript:
        specifier: ^5.7.3
        version: 5.7.3
      vitest:
        specifier: ^2.1.8
        version: 2.1.8

  apps/admin:
    dependencies:
      '@community-selection/shared':
        specifier: workspace:*
        version: link:../../packages/shared
      antd:
        specifier: ^5.23.0
        version: 5.23.0
      react:
        specifier: ^19.0.0
        version: 19.0.0
      react-dom:
        specifier: ^19.0.0
        version: 19.0.0(react@19.0.0)
      vite:
        specifier: ^6.0.7
        version: 6.0.7

  apps/api:
    dependencies:
      '@community-selection/config':
        specifier: workspace:*
        version: link:../../packages/config
      '@community-selection/shared':
        specifier: workspace:*
        version: link:../../packages/shared
      '@prisma/client':
        specifier: 6.19.3
        version: 6.19.3(prisma@6.19.3(typescript@5.7.3))(typescript@5.7.3)
      bcryptjs:
        specifier: ^2.4.3
        version: 2.4.3
      fastify:
        specifier: ^5.2.1
        version: 5.2.1
    devDependencies:
      '@types/bcryptjs':
        specifier: ^2.4.6
        version: 2.4.6
      fast-check:
        specifier: ^4.3.0
        version: 4.3.0

  packages/config: {}

  packages/shared: {}

packages:

  '@prisma/client@6.19.3':
    resolution: {integrity: sha512-mKq3jQFhjvko5LTJFHGilsuQs+W+T3Gm451NzuTDGQxwCzwXHYnIu2zGkRoW+Exq3Rob7yp2MfzSrdIiZVhrBg==}
    engines: {node: '>=18.18'}
    peerDependencies:
      prisma: '*'
      typescript: '>=5.1.0'
    peerDependenciesMeta:
      prisma:
        optional: true
      typescript:
        optional: true

  '@prisma/config@6.19.3':
    resolution: {integrity: sha512-CBPT44BjlQxEt8kiMEauji2WHTDoVBOKl7UlewXmUgBPnr/oPRZC3psci5chJnYmH0ivEIog2OU9PGWoki3DLQ==}

  '@prisma/debug@6.19.3':
    resolution: {integrity: sha512-ljkJ+SgpXNktLG0Q/n4JGYCkKf0f8oYLyjImS2I8e2q2WCfdRRtWER062ZV/ixaNP2M2VKlWXVJiGzZaUgbKZw==}

  '@prisma/engines-version@7.1.1-3.c2990dca591cba766e3b7ef5d9e8a84796e47ab7':
    resolution: {integrity: sha512-03bgb1VD5gvuumNf+7fVGBzfpJPjmqV423l/WxsWk2cNQ42JD0/SsFBPhN6z8iAvdHs07/7ei77SKu7aZfq8bA==}

  '@prisma/engines@6.19.3':
    resolution: {integrity: sha512-RSYxtlYFl5pJ8ZePgMv0lZ9IzVCOdTPOegrs2qcbAEFrBI1G33h6wyC9kjQvo0DnYEhEVY0X4LsuFHXLKQk88g==}

  '@prisma/fetch-engine@6.19.3':
    resolution: {integrity: sha512-tKtl/qco9Nt7LU5iKhpultD8O4vMCZcU2CHjNTnRrL1QvSUr5W/GcyFPjNL87GtRrwBc7ubXXD9xy4EvLvt8JA==}

  '@prisma/get-platform@6.19.3':
    resolution: {integrity: sha512-xFj1VcJ1N3MKooOQAGO0W5tsd0W2QzIvW7DD7c/8H14Zmp4jseeWAITm+w2LLoLrlhoHdPPh0NMZ8mfL6puoHA==}

  '@types/bcryptjs@2.4.6':
    resolution: {integrity: sha512-9xlo6R2qDs5uixm0bcIqCeMCE6HiQsIyel9KQySStiyqNl2tnj2mP3DX1Nf56MD6KMenNNlBBsy3LJ7gUEQPXQ==}
    deprecated: This is a stub types definition. bcryptjs provides its own type definitions, so you do not need this installed.

  '@types/node@22.10.5':
    resolution: {}

  antd@5.23.0:
    resolution: {}

  bcryptjs@2.4.3:
    resolution: {integrity: sha512-V/Hy/X9Vt7f3BbPJEi8BdVFMByHi+jNXrYkW3huaybV/kQ0KJg0Y6PkEMbn+zeT+i+SiKZ/HMqJGIIt4LZDqNQ==}


  c12@3.1.0:
    resolution: {integrity: sha512-uWoS8OU1MEIsOv8p/5a82c3H31LsWVR5qiyXVfBNOzfffjUWtPnhAb4BYI2uG2HfGmZmFjCtui5XNWaps+iFuw==}
    engines: {node: '>=10'}

  deepmerge-ts@7.1.5:
    resolution: {integrity: sha512-HOJkrhaYsweh+W+e74Yn7YStZOilkoPb6fycpwNLKzSPtruFs48nYis0zy5yJz1+ktUhHxoRDJ27RQAWLIJVJw==}
    engines: {node: '>=16.0.0'}

  effect@3.21.0:
    resolution: {integrity: sha512-PPN80qRokCd1f015IANNhrwOnLO7GrrMQfk4/lnZRE/8j7UPWrNNjPV0uBrZutI/nHzernbW+J0hdqQysHiSnQ==}

  empathic@2.0.0:
    resolution: {integrity: sha512-i6UzDscO/XfAcNYD75CfICkmfLedpyPDdozrLMmQc5ORaQcdMoc21OnlEylMIqI7U8eniKrPMxxtj8k0vhmJhA==}
    engines: {node: '>=14'}

  fast-check@4.3.0:
    resolution: {integrity: sha512-JVw/DJSxVKl8uhCb7GrwanT9VWsCIdBkK3WpP37B/Au4pyaspriSjtrY2ApbSFwTg3ViPfniT13n75PhzE7VEQ==}
    engines: {node: '>=12.17.0'}

  fastify@5.2.1:
    resolution: {}

  pure-rand@7.0.1:
    resolution: {integrity: sha512-oTUZM/NAZS8p7ANR3SHh30kXB+zK2r2BPcEn/awJIbOvq82WoMN4p62AWWp3Hhw50G0xMsw1mhIBLqHw64EcNQ==}

  prisma@6.19.3:
    resolution: {integrity: sha512-++ZJ0ijLrDJF6hNB4t4uxg2br3fC4H9Yc9tcbjr2fcNFP3rh/SBNrAgjhsqBU4Ght8JPrVofG/ZkXfnSfnYsFg==}
    engines: {node: '>=18.18'}
    hasBin: true
    peerDependencies:
      typescript: '>=5.1.0'
    peerDependenciesMeta:
      typescript:
        optional: true

  react-dom@19.0.0:
    resolution: {}
    peerDependencies:
      react: ^19.0.0

  react@19.0.0:
    resolution: {}

  tsx@4.19.2:
    resolution: {}

  typescript@5.7.3:
    resolution: {}

  vite@6.0.7:
    resolution: {}

  vitest@2.1.8:
    resolution: {}

snapshots:

  '@prisma/client@6.19.3(prisma@6.19.3(typescript@5.7.3))(typescript@5.7.3)':
    optionalDependencies:
      prisma: 6.19.3(typescript@5.7.3)
      typescript: 5.7.3

  '@prisma/config@6.19.3':
    dependencies:
      c12: 3.1.0
      deepmerge-ts: 7.1.5
      effect: 3.21.0
      empathic: 2.0.0

  '@prisma/debug@6.19.3': {}

  '@prisma/engines-version@7.1.1-3.c2990dca591cba766e3b7ef5d9e8a84796e47ab7': {}

  '@prisma/engines@6.19.3':
    dependencies:
      '@prisma/debug': 6.19.3
      '@prisma/engines-version': 7.1.1-3.c2990dca591cba766e3b7ef5d9e8a84796e47ab7
      '@prisma/fetch-engine': 6.19.3
      '@prisma/get-platform': 6.19.3

  '@prisma/fetch-engine@6.19.3':
    dependencies:
      '@prisma/debug': 6.19.3
      '@prisma/engines-version': 7.1.1-3.c2990dca591cba766e3b7ef5d9e8a84796e47ab7
      '@prisma/get-platform': 6.19.3

  '@prisma/get-platform@6.19.3':
    dependencies:
      '@prisma/debug': 6.19.3

  '@types/bcryptjs@2.4.6':
    dependencies:
      bcryptjs: 2.4.3

  '@types/node@22.10.5': {}

  antd@5.23.0: {}

  bcryptjs@2.4.3: {}

  c12@3.1.0: {}

  deepmerge-ts@7.1.5: {}

  effect@3.21.0: {}

  empathic@2.0.0: {}

  fast-check@4.3.0:
    dependencies:
      pure-rand: 7.0.1

  fastify@5.2.1: {}

  pure-rand@7.0.1: {}

  prisma@6.19.3(typescript@5.7.3):
    dependencies:
      '@prisma/config': 6.19.3
      '@prisma/engines': 6.19.3
    optionalDependencies:
      typescript: 5.7.3

  react-dom@19.0.0(react@19.0.0):
    dependencies:
      react: 19.0.0

  react@19.0.0: {}

  tsx@4.19.2: {}

  typescript@5.7.3: {}

  vite@6.0.7: {}

  vitest@2.1.8: {}
